
Microsoft Visual Studio Solution File, Format Version 12.00
# Visual Studio Version 16
VisualStudioVersion = 16.0.30907.101
MinimumVisualStudioVersion = 10.0.40219.1
Project("{FAE04EC0-301F-11D3-BF4B-00C04F79EFBC}") = "SimbrellaThreadTask", "SimbrellaThreadTask\SimbrellaThreadTask.csproj", "{B108B22B-E919-4D93-B356-57ADF260054C}"
EndProject
Global
	GlobalSection(SolutionConfigurationPlatforms) = preSolution
		Debug|Any CPU = Debug|Any CPU
		Release|Any CPU = Release|Any CPU
	EndGlobalSection
	GlobalSection(ProjectConfigurationPlatforms) = postSolution
		{B108B22B-E919-4D93-B356-57ADF260054C}.Debug|Any CPU.ActiveCfg = Debug|Any CPU
		{B108B22B-E919-4D93-B356-57ADF260054C}.Debug|Any CPU.Build.0 = Debug|Any CPU
		{B108B22B-E919-4D93-B356-57ADF260054C}.Release|Any CPU.ActiveCfg = Release|Any CPU
		{B108B22B-E919-4D93-B356-57ADF260054C}.Release|Any CPU.Build.0 = Release|Any CPU
	EndGlobalSection
	GlobalSection(SolutionProperties) = preSolution
		HideSolutionNode = FALSE
	EndGlobalSection
	GlobalSection(ExtensibilityGlobals) = postSolution
		SolutionGuid = {410F3A25-6A27-49D9-B4B5-5A80A2DD29BF}
	EndGlobalSection
EndGlobal
